
Microsoft Visual Studio Solution File, Format Version 12.00
# Visual Studio Version 16
VisualStudioVersion = 16.0.32901.82
MinimumVisualStudioVersion = 10.0.40219.1
Project("{9A19103F-16F7-4668-BE54-9A1E7A4F7556}") = "FirstProject", "FirstProject\FirstProject.csproj", "{21BCF249-C23F-41AA-BCD0-CB2E9BACFED0}"
EndProject
Project("{9A19103F-16F7-4668-BE54-9A1E7A4F7556}") = "Variables", "Variables\Variables.csproj", "{9331A3CE-8490-495E-9879-B8D7DEE8BDCC}"
EndProject
Project("{9A19103F-16F7-4668-BE54-9A1E7A4F7556}") = "Methods", "Methods\Methods.csproj", "{75E5019C-3300-4B59-9E47-A18DCD1566F6}"
EndProject
Project("{9A19103F-16F7-4668-BE54-9A1E7A4F7556}") = "ClassObjectInstance", "ClassObjectInstance\ClassObjectInstance.csproj", "{D16D1451-5156-4A53-84E6-C005BBD0D074}"
EndProject
Project("{9A19103F-16F7-4668-BE54-9A1E7A4F7556}") = "If_Statement", "If_Statement\If_Statement.csproj", "{947434C6-6DF6-41EE-9AD2-C198314F3E1A}"
EndProject
Project("{9A19103F-16F7-4668-BE54-9A1E7A4F7556}") = "Statement_SwitchCase_And_Enum", "Statement_SwitchCase_And_Enum\Statement_SwitchCase_And_Enum.csproj", "{110F6D22-8CC0-44EE-8E97-533D49B2C779}"
EndProject
Project("{9A19103F-16F7-4668-BE54-9A1E7A4F7556}") = "Operators", "Operators\Operators.csproj", "{26768534-4D63-4473-8252-79A7958D73E1}"
EndProject
Project("{9A19103F-16F7-4668-BE54-9A1E7A4F7556}") = "Array", "Array\Array.csproj", "{67C6DF26-A309-49F8-8F0B-156C316960FA}"
EndProject
Project("{9A19103F-16F7-4668-BE54-9A1E7A4F7556}") = "Statement_Loop", "Statement_Loop\Statement_Loop.csproj", "{223671A3-81EC-45F2-8AAA-E139B3A91F7A}"
EndProject
Project("{9A19103F-16F7-4668-BE54-9A1E7A4F7556}") = "Example02_Array2D", "Example02_Array2D\Example02_Array2D.csproj", "{E06CCB99-29AA-4FEA-B9EF-F5067A6E6A34}"
EndProject
Project("{9A19103F-16F7-4668-BE54-9A1E7A4F7556}") = "Example01_ClassObjectInstance", "Example01\Example01_ClassObjectInstance.csproj", "{DFF8E4B9-3C7B-4984-A1DF-9E468B662F38}"
EndProject
Project("{9A19103F-16F7-4668-BE54-9A1E7A4F7556}") = "Structure", "Structure\Structure.csproj", "{A8CB62ED-00FF-4B59-B61A-363D4616E4ED}"
EndProject
Project("{FAE04EC0-301F-11D3-BF4B-00C04F79EFBC}") = "Examaple03_HorseRiding", "Examaple03_HorseRiding\Examaple03_HorseRiding.csproj", "{D87230CE-BC16-43FB-9C92-1F255303BBC5}"
EndProject
Global
	GlobalSection(SolutionConfigurationPlatforms) = preSolution
		Debug|Any CPU = Debug|Any CPU
		Release|Any CPU = Release|Any CPU
	EndGlobalSection
	GlobalSection(ProjectConfigurationPlatforms) = postSolution
		{21BCF249-C23F-41AA-BCD0-CB2E9BACFED0}.Debug|Any CPU.ActiveCfg = Debug|Any CPU
		{21BCF249-C23F-41AA-BCD0-CB2E9BACFED0}.Debug|Any CPU.Build.0 = Debug|Any CPU
		{21BCF249-C23F-41AA-BCD0-CB2E9BACFED0}.Release|Any CPU.ActiveCfg = Release|Any CPU
		{21BCF249-C23F-41AA-BCD0-CB2E9BACFED0}.Release|Any CPU.Build.0 = Release|Any CPU
		{9331A3CE-8490-495E-9879-B8D7DEE8BDCC}.Debug|Any CPU.ActiveCfg = Debug|Any CPU
		{9331A3CE-8490-495E-9879-B8D7DEE8BDCC}.Debug|Any CPU.Build.0 = Debug|Any CPU
		{9331A3CE-8490-495E-9879-B8D7DEE8BDCC}.Release|Any CPU.ActiveCfg = Release|Any CPU
		{9331A3CE-8490-495E-9879-B8D7DEE8BDCC}.Release|Any CPU.Build.0 = Release|Any CPU
		{75E5019C-3300-4B59-9E47-A18DCD1566F6}.Debug|Any CPU.ActiveCfg = Debug|Any CPU
		{75E5019C-3300-4B59-9E47-A18DCD1566F6}.Debug|Any CPU.Build.0 = Debug|Any CPU
		{75E5019C-3300-4B59-9E47-A18DCD1566F6}.Release|Any CPU.ActiveCfg = Release|Any CPU
		{75E5019C-3300-4B59-9E47-A18DCD1566F6}.Release|Any CPU.Build.0 = Release|Any CPU
		{D16D1451-5156-4A53-84E6-C005BBD0D074}.Debug|Any CPU.ActiveCfg = Debug|Any CPU
		{D16D1451-5156-4A53-84E6-C005BBD0D074}.Debug|Any CPU.Build.0 = Debug|Any CPU
		{D16D1451-5156-4A53-84E6-C005BBD0D074}.Release|Any CPU.ActiveCfg = Release|Any CPU
		{D16D1451-5156-4A53-84E6-C005BBD0D074}.Release|Any CPU.Build.0 = Release|Any CPU
		{947434C6-6DF6-41EE-9AD2-C198314F3E1A}.Debug|Any CPU.ActiveCfg = Debug|Any CPU
		{947434C6-6DF6-41EE-9AD2-C198314F3E1A}.Debug|Any CPU.Build.0 = Debug|Any CPU
		{947434C6-6DF6-41EE-9AD2-C198314F3E1A}.Release|Any CPU.ActiveCfg = Release|Any CPU
		{947434C6-6DF6-41EE-9AD2-C198314F3E1A}.Release|Any CPU.Build.0 = Release|Any CPU
		{110F6D22-8CC0-44EE-8E97-533D49B2C779}.Debug|Any CPU.ActiveCfg = Debug|Any CPU
		{110F6D22-8CC0-44EE-8E97-533D49B2C779}.Debug|Any CPU.Build.0 = Debug|Any CPU
		{110F6D22-8CC0-44EE-8E97-533D49B2C779}.Release|Any CPU.ActiveCfg = Release|Any CPU
		{110F6D22-8CC0-44EE-8E97-533D49B2C779}.Release|Any CPU.Build.0 = Release|Any CPU
		{26768534-4D63-4473-8252-79A7958D73E1}.Debug|Any CPU.ActiveCfg = Debug|Any CPU
		{26768534-4D63-4473-8252-79A7958D73E1}.Debug|Any CPU.Build.0 = Debug|Any CPU
		{26768534-4D63-4473-8252-79A7958D73E1}.Release|Any CPU.ActiveCfg = Release|Any CPU
		{26768534-4D63-4473-8252-79A7958D73E1}.Release|Any CPU.Build.0 = Release|Any CPU
		{67C6DF26-A309-49F8-8F0B-156C316960FA}.Debug|Any CPU.ActiveCfg = Debug|Any CPU
		{67C6DF26-A309-49F8-8F0B-156C316960FA}.Debug|Any CPU.Build.0 = Debug|Any CPU
		{67C6DF26-A309-49F8-8F0B-156C316960FA}.Release|Any CPU.ActiveCfg = Release|Any CPU
		{67C6DF26-A309-49F8-8F0B-156C316960FA}.Release|Any CPU.Build.0 = Release|Any CPU
		{223671A3-81EC-45F2-8AAA-E139B3A91F7A}.Debug|Any CPU.ActiveCfg = Debug|Any CPU
		{223671A3-81EC-45F2-8AAA-E139B3A91F7A}.Debug|Any CPU.Build.0 = Debug|Any CPU
		{223671A3-81EC-45F2-8AAA-E139B3A91F7A}.Release|Any CPU.ActiveCfg = Release|Any CPU
		{223671A3-81EC-45F2-8AAA-E139B3A91F7A}.Release|Any CPU.Build.0 = Release|Any CPU
		{E06CCB99-29AA-4FEA-B9EF-F5067A6E6A34}.Debug|Any CPU.ActiveCfg = Debug|Any CPU
		{E06CCB99-29AA-4FEA-B9EF-F5067A6E6A34}.Debug|Any CPU.Build.0 = Debug|Any CPU
		{E06CCB99-29AA-4FEA-B9EF-F5067A6E6A34}.Release|Any CPU.ActiveCfg = Release|Any CPU
		{E06CCB99-29AA-4FEA-B9EF-F5067A6E6A34}.Release|Any CPU.Build.0 = Release|Any CPU
		{DFF8E4B9-3C7B-4984-A1DF-9E468B662F38}.Debug|Any CPU.ActiveCfg = Debug|Any CPU
		{DFF8E4B9-3C7B-4984-A1DF-9E468B662F38}.Debug|Any CPU.Build.0 = Debug|Any CPU
		{DFF8E4B9-3C7B-4984-A1DF-9E468B662F38}.Release|Any CPU.ActiveCfg = Release|Any CPU
		{DFF8E4B9-3C7B-4984-A1DF-9E468B662F38}.Release|Any CPU.Build.0 = Release|Any CPU
		{A8CB62ED-00FF-4B59-B61A-363D4616E4ED}.Debug|Any CPU.ActiveCfg = Debug|Any CPU
		{A8CB62ED-00FF-4B59-B61A-363D4616E4ED}.Debug|Any CPU.Build.0 = Debug|Any CPU
		{A8CB62ED-00FF-4B59-B61A-363D4616E4ED}.Release|Any CPU.ActiveCfg = Release|Any CPU
		{A8CB62ED-00FF-4B59-B61A-363D4616E4ED}.Release|Any CPU.Build.0 = Release|Any CPU
		{D87230CE-BC16-43FB-9C92-1F255303BBC5}.Debug|Any CPU.ActiveCfg = Debug|Any CPU
		{D87230CE-BC16-43FB-9C92-1F255303BBC5}.Debug|Any CPU.Build.0 = Debug|Any CPU
		{D87230CE-BC16-43FB-9C92-1F255303BBC5}.Release|Any CPU.ActiveCfg = Release|Any CPU
		{D87230CE-BC16-43FB-9C92-1F255303BBC5}.Release|Any CPU.Build.0 = Release|Any CPU
	EndGlobalSection
	GlobalSection(SolutionProperties) = preSolution
		HideSolutionNode = FALSE
	EndGlobalSection
	GlobalSection(ExtensibilityGlobals) = postSolution
		SolutionGuid = {12283FF9-BCC0-4D9F-85C1-08C1610A5727}
	EndGlobalSection
EndGlobal
