
Microsoft Visual Studio Solution File, Format Version 12.00
# Visual Studio Version 16
VisualStudioVersion = 16.0.32901.82
MinimumVisualStudioVersion = 10.0.40219.1
Project("{9A19103F-16F7-4668-BE54-9A1E7A4F7556}") = "FirstProject", "FirstProject\FirstProject.csproj", "{21BCF249-C23F-41AA-BCD0-CB2E9BACFED0}"
EndProject
Project("{9A19103F-16F7-4668-BE54-9A1E7A4F7556}") = "Variables", "Variables\Variables.csproj", "{9331A3CE-8490-495E-9879-B8D7DEE8BDCC}"
EndProject
Project("{9A19103F-16F7-4668-BE54-9A1E7A4F7556}") = "Methods", "Methods\Methods.csproj", "{75E5019C-3300-4B59-9E47-A18DCD1566F6}"
EndProject
Project("{9A19103F-16F7-4668-BE54-9A1E7A4F7556}") = "ClassObjectInstance", "ClassObjectInstance\ClassObjectInstance.csproj", "{D16D1451-5156-4A53-84E6-C005BBD0D074}"
EndProject
Project("{9A19103F-16F7-4668-BE54-9A1E7A4F7556}") = "If_Statement", "If_Statement\If_Statement.csproj", "{947434C6-6DF6-41EE-9AD2-C198314F3E1A}"
EndProject
Project("{9A19103F-16F7-4668-BE54-9A1E7A4F7556}") = "Statement_SwitchCase_And_Enum", "Statement_SwitchCase_And_Enum\Statement_SwitchCase_And_Enum.csproj", "{110F6D22-8CC0-44EE-8E97-533D49B2C779}"
EndProject
Project("{FAE04EC0-301F-11D3-BF4B-00C04F79EFBC}") = "Operators", "Operators\Operators.csproj", "{26768534-4D63-4473-8252-79A7958D73E1}"
EndProject
Global
	GlobalSection(SolutionConfigurationPlatforms) = preSolution
		Debug|Any CPU = Debug|Any CPU
		Release|Any CPU = Release|Any CPU
	EndGlobalSection
	GlobalSection(ProjectConfigurationPlatforms) = postSolution
		{21BCF249-C23F-41AA-BCD0-CB2E9BACFED0}.Debug|Any CPU.ActiveCfg = Debug|Any CPU
		{21BCF249-C23F-41AA-BCD0-CB2E9BACFED0}.Debug|Any CPU.Build.0 = Debug|Any CPU
		{21BCF249-C23F-41AA-BCD0-CB2E9BACFED0}.Release|Any CPU.ActiveCfg = Release|Any CPU
		{21BCF249-C23F-41AA-BCD0-CB2E9BACFED0}.Release|Any CPU.Build.0 = Release|Any CPU
		{9331A3CE-8490-495E-9879-B8D7DEE8BDCC}.Debug|Any CPU.ActiveCfg = Debug|Any CPU
		{9331A3CE-8490-495E-9879-B8D7DEE8BDCC}.Debug|Any CPU.Build.0 = Debug|Any CPU
		{9331A3CE-8490-495E-9879-B8D7DEE8BDCC}.Release|Any CPU.ActiveCfg = Release|Any CPU
		{9331A3CE-8490-495E-9879-B8D7DEE8BDCC}.Release|Any CPU.Build.0 = Release|Any CPU
		{75E5019C-3300-4B59-9E47-A18DCD1566F6}.Debug|Any CPU.ActiveCfg = Debug|Any CPU
		{75E5019C-3300-4B59-9E47-A18DCD1566F6}.Debug|Any CPU.Build.0 = Debug|Any CPU
		{75E5019C-3300-4B59-9E47-A18DCD1566F6}.Release|Any CPU.ActiveCfg = Release|Any CPU
		{75E5019C-3300-4B59-9E47-A18DCD1566F6}.Release|Any CPU.Build.0 = Release|Any CPU
		{D16D1451-5156-4A53-84E6-C005BBD0D074}.Debug|Any CPU.ActiveCfg = Debug|Any CPU
		{D16D1451-5156-4A53-84E6-C005BBD0D074}.Debug|Any CPU.Build.0 = Debug|Any CPU
		{D16D1451-5156-4A53-84E6-C005BBD0D074}.Release|Any CPU.ActiveCfg = Release|Any CPU
		{D16D1451-5156-4A53-84E6-C005BBD0D074}.Release|Any CPU.Build.0 = Release|Any CPU
		{947434C6-6DF6-41EE-9AD2-C198314F3E1A}.Debug|Any CPU.ActiveCfg = Debug|Any CPU
		{947434C6-6DF6-41EE-9AD2-C198314F3E1A}.Debug|Any CPU.Build.0 = Debug|Any CPU
		{947434C6-6DF6-41EE-9AD2-C198314F3E1A}.Release|Any CPU.ActiveCfg = Release|Any CPU
		{947434C6-6DF6-41EE-9AD2-C198314F3E1A}.Release|Any CPU.Build.0 = Release|Any CPU
		{110F6D22-8CC0-44EE-8E97-533D49B2C779}.Debug|Any CPU.ActiveCfg = Debug|Any CPU
		{110F6D22-8CC0-44EE-8E97-533D49B2C779}.Debug|Any CPU.Build.0 = Debug|Any CPU
		{110F6D22-8CC0-44EE-8E97-533D49B2C779}.Release|Any CPU.ActiveCfg = Release|Any CPU
		{110F6D22-8CC0-44EE-8E97-533D49B2C779}.Release|Any CPU.Build.0 = Release|Any CPU
		{26768534-4D63-4473-8252-79A7958D73E1}.Debug|Any CPU.ActiveCfg = Debug|Any CPU
		{26768534-4D63-4473-8252-79A7958D73E1}.Debug|Any CPU.Build.0 = Debug|Any CPU
		{26768534-4D63-4473-8252-79A7958D73E1}.Release|Any CPU.ActiveCfg = Release|Any CPU
		{26768534-4D63-4473-8252-79A7958D73E1}.Release|Any CPU.Build.0 = Release|Any CPU
	EndGlobalSection
	GlobalSection(SolutionProperties) = preSolution
		HideSolutionNode = FALSE
	EndGlobalSection
	GlobalSection(ExtensibilityGlobals) = postSolution
		SolutionGuid = {12283FF9-BCC0-4D9F-85C1-08C1610A5727}
	EndGlobalSection
EndGlobal
